{
  "object": {
    "pins": [
      {
        "package": "RxSwift",
        "repositoryURL": "https://github.com/ReactiveX/RxSwift.git",
        "state": {
          "branch": null,
          "revision": "7e01c05f25c025143073eaa3be3532f9375c614b",
          "version": "6.1.0"
        }
      },
      {
        "package": "TransitionPatch",
        "repositoryURL": "https://github.com/muukii/TransitionPatch.git",
        "state": {
          "branch": null,
          "revision": "88aac5305fe568ef62f73a3cf19f0b8392ffb52c",
          "version": "1.0.5"
        }
      },
      {
        "package": "Verge",
        "repositoryURL": "https://github.com/VergeGroup/Verge.git",
        "state": {
          "branch": null,
          "revision": "5a296bbc461b518be37afbeae31661ad3cd246ca",
          "version": "8.18.0"
        }
      }
    ]
  },
  "version": 1
}
